
Microsoft Visual Studio Solution File, Format Version 12.00
# Visual Studio Version 17
VisualStudioVersion = 17.3.32819.101
MinimumVisualStudioVersion = 10.0.40219.1
Project("{FAE04EC0-301F-11D3-BF4B-00C04F79EFBC}") = "FMSMonitoringUI", "FMSMonitoringUI\FMSMonitoringUI.csproj", "{0AEB0C1C-4AF9-4238-9B6B-633ADC6A979B}"
	ProjectSection(ProjectDependencies) = postProject
		{065D7112-F84A-4864-868E-9B8FC35696CA} = {065D7112-F84A-4864-868E-9B8FC35696CA}
		{3C8DE403-7FF8-41CD-955B-8FCC628DD122} = {3C8DE403-7FF8-41CD-955B-8FCC628DD122}
		{61D97D17-849F-4D97-84B1-A5B746B4E8FB} = {61D97D17-849F-4D97-84B1-A5B746B4E8FB}
		{9BF784C3-464B-4468-881C-2A535F319CB9} = {9BF784C3-464B-4468-881C-2A535F319CB9}
		{B44F55B2-1D76-4E82-AEC2-AC70BB225665} = {B44F55B2-1D76-4E82-AEC2-AC70BB225665}
	EndProjectSection
EndProject
Project("{FAE04EC0-301F-11D3-BF4B-00C04F79EFBC}") = "AgingControls", "AgingControls\AgingControls.csproj", "{B44F55B2-1D76-4E82-AEC2-AC70BB225665}"
	ProjectSection(ProjectDependencies) = postProject
		{61D97D17-849F-4D97-84B1-A5B746B4E8FB} = {61D97D17-849F-4D97-84B1-A5B746B4E8FB}
	EndProjectSection
EndProject
Project("{FAE04EC0-301F-11D3-BF4B-00C04F79EFBC}") = "OPCUAClientLib", "OPCUAClientClassLib\OPCUAClientLib.csproj", "{065D7112-F84A-4864-868E-9B8FC35696CA}"
	ProjectSection(ProjectDependencies) = postProject
		{571EA494-E0B0-4C80-B87E-92157AD179EE} = {571EA494-E0B0-4C80-B87E-92157AD179EE}
	EndProjectSection
EndProject
Project("{FAE04EC0-301F-11D3-BF4B-00C04F79EFBC}") = "CSVMgr", "CSVMgr\CSVMgr.csproj", "{9BF784C3-464B-4468-881C-2A535F319CB9}"
EndProject
Project("{FAE04EC0-301F-11D3-BF4B-00C04F79EFBC}") = "Logger", "Logger\Logger.csproj", "{571EA494-E0B0-4C80-B87E-92157AD179EE}"
EndProject
Project("{FAE04EC0-301F-11D3-BF4B-00C04F79EFBC}") = "DBHandler", "DBHandler\DBHandler.csproj", "{3C8DE403-7FF8-41CD-955B-8FCC628DD122}"
EndProject
Project("{FAE04EC0-301F-11D3-BF4B-00C04F79EFBC}") = "RestClientLib", "RestClientLib\RestClientLib.csproj", "{61D97D17-849F-4D97-84B1-A5B746B4E8FB}"
	ProjectSection(ProjectDependencies) = postProject
		{571EA494-E0B0-4C80-B87E-92157AD179EE} = {571EA494-E0B0-4C80-B87E-92157AD179EE}
	EndProjectSection
EndProject
Global
	GlobalSection(SolutionConfigurationPlatforms) = preSolution
		Debug|Any CPU = Debug|Any CPU
		Debug|x64 = Debug|x64
		Debug|x86 = Debug|x86
		FRDebug|Any CPU = FRDebug|Any CPU
		FRDebug|x64 = FRDebug|x64
		FRDebug|x86 = FRDebug|x86
		FRRelease|Any CPU = FRRelease|Any CPU
		FRRelease|x64 = FRRelease|x64
		FRRelease|x86 = FRRelease|x86
		Release|Any CPU = Release|Any CPU
		Release|x64 = Release|x64
		Release|x86 = Release|x86
	EndGlobalSection
	GlobalSection(ProjectConfigurationPlatforms) = postSolution
		{0AEB0C1C-4AF9-4238-9B6B-633ADC6A979B}.Debug|Any CPU.ActiveCfg = Debug|Any CPU
		{0AEB0C1C-4AF9-4238-9B6B-633ADC6A979B}.Debug|Any CPU.Build.0 = Debug|Any CPU
		{0AEB0C1C-4AF9-4238-9B6B-633ADC6A979B}.Debug|x64.ActiveCfg = Debug|Any CPU
		{0AEB0C1C-4AF9-4238-9B6B-633ADC6A979B}.Debug|x64.Build.0 = Debug|Any CPU
		{0AEB0C1C-4AF9-4238-9B6B-633ADC6A979B}.Debug|x86.ActiveCfg = Debug|Any CPU
		{0AEB0C1C-4AF9-4238-9B6B-633ADC6A979B}.Debug|x86.Build.0 = Debug|Any CPU
		{0AEB0C1C-4AF9-4238-9B6B-633ADC6A979B}.FRDebug|Any CPU.ActiveCfg = FRDebug|Any CPU
		{0AEB0C1C-4AF9-4238-9B6B-633ADC6A979B}.FRDebug|Any CPU.Build.0 = FRDebug|Any CPU
		{0AEB0C1C-4AF9-4238-9B6B-633ADC6A979B}.FRDebug|x64.ActiveCfg = FRDebug|Any CPU
		{0AEB0C1C-4AF9-4238-9B6B-633ADC6A979B}.FRDebug|x64.Build.0 = FRDebug|Any CPU
		{0AEB0C1C-4AF9-4238-9B6B-633ADC6A979B}.FRDebug|x86.ActiveCfg = FRDebug|Win32
		{0AEB0C1C-4AF9-4238-9B6B-633ADC6A979B}.FRDebug|x86.Build.0 = FRDebug|Win32
		{0AEB0C1C-4AF9-4238-9B6B-633ADC6A979B}.FRRelease|Any CPU.ActiveCfg = FRRelease|Any CPU
		{0AEB0C1C-4AF9-4238-9B6B-633ADC6A979B}.FRRelease|Any CPU.Build.0 = FRRelease|Any CPU
		{0AEB0C1C-4AF9-4238-9B6B-633ADC6A979B}.FRRelease|x64.ActiveCfg = FRRelease|Any CPU
		{0AEB0C1C-4AF9-4238-9B6B-633ADC6A979B}.FRRelease|x64.Build.0 = FRRelease|Any CPU
		{0AEB0C1C-4AF9-4238-9B6B-633ADC6A979B}.FRRelease|x86.ActiveCfg = FRRelease|Win32
		{0AEB0C1C-4AF9-4238-9B6B-633ADC6A979B}.FRRelease|x86.Build.0 = FRRelease|Win32
		{0AEB0C1C-4AF9-4238-9B6B-633ADC6A979B}.Release|Any CPU.ActiveCfg = Release|Any CPU
		{0AEB0C1C-4AF9-4238-9B6B-633ADC6A979B}.Release|Any CPU.Build.0 = Release|Any CPU
		{0AEB0C1C-4AF9-4238-9B6B-633ADC6A979B}.Release|x64.ActiveCfg = Release|Any CPU
		{0AEB0C1C-4AF9-4238-9B6B-633ADC6A979B}.Release|x64.Build.0 = Release|Any CPU
		{0AEB0C1C-4AF9-4238-9B6B-633ADC6A979B}.Release|x86.ActiveCfg = Release|Any CPU
		{0AEB0C1C-4AF9-4238-9B6B-633ADC6A979B}.Release|x86.Build.0 = Release|Any CPU
		{B44F55B2-1D76-4E82-AEC2-AC70BB225665}.Debug|Any CPU.ActiveCfg = Debug|Any CPU
		{B44F55B2-1D76-4E82-AEC2-AC70BB225665}.Debug|Any CPU.Build.0 = Debug|Any CPU
		{B44F55B2-1D76-4E82-AEC2-AC70BB225665}.Debug|x64.ActiveCfg = Debug|Any CPU
		{B44F55B2-1D76-4E82-AEC2-AC70BB225665}.Debug|x64.Build.0 = Debug|Any CPU
		{B44F55B2-1D76-4E82-AEC2-AC70BB225665}.Debug|x86.ActiveCfg = Debug|Any CPU
		{B44F55B2-1D76-4E82-AEC2-AC70BB225665}.Debug|x86.Build.0 = Debug|Any CPU
		{B44F55B2-1D76-4E82-AEC2-AC70BB225665}.FRDebug|Any CPU.ActiveCfg = FRDebug|Any CPU
		{B44F55B2-1D76-4E82-AEC2-AC70BB225665}.FRDebug|Any CPU.Build.0 = FRDebug|Any CPU
		{B44F55B2-1D76-4E82-AEC2-AC70BB225665}.FRDebug|x64.ActiveCfg = FRDebug|Any CPU
		{B44F55B2-1D76-4E82-AEC2-AC70BB225665}.FRDebug|x64.Build.0 = FRDebug|Any CPU
		{B44F55B2-1D76-4E82-AEC2-AC70BB225665}.FRDebug|x86.ActiveCfg = FRDebug|Any CPU
		{B44F55B2-1D76-4E82-AEC2-AC70BB225665}.FRDebug|x86.Build.0 = FRDebug|Any CPU
		{B44F55B2-1D76-4E82-AEC2-AC70BB225665}.FRRelease|Any CPU.ActiveCfg = FRRelease|Any CPU
		{B44F55B2-1D76-4E82-AEC2-AC70BB225665}.FRRelease|Any CPU.Build.0 = FRRelease|Any CPU
		{B44F55B2-1D76-4E82-AEC2-AC70BB225665}.FRRelease|x64.ActiveCfg = FRRelease|Any CPU
		{B44F55B2-1D76-4E82-AEC2-AC70BB225665}.FRRelease|x64.Build.0 = FRRelease|Any CPU
		{B44F55B2-1D76-4E82-AEC2-AC70BB225665}.FRRelease|x86.ActiveCfg = FRRelease|Any CPU
		{B44F55B2-1D76-4E82-AEC2-AC70BB225665}.FRRelease|x86.Build.0 = FRRelease|Any CPU
		{B44F55B2-1D76-4E82-AEC2-AC70BB225665}.Release|Any CPU.ActiveCfg = Release|Any CPU
		{B44F55B2-1D76-4E82-AEC2-AC70BB225665}.Release|Any CPU.Build.0 = Release|Any CPU
		{B44F55B2-1D76-4E82-AEC2-AC70BB225665}.Release|x64.ActiveCfg = Release|Any CPU
		{B44F55B2-1D76-4E82-AEC2-AC70BB225665}.Release|x64.Build.0 = Release|Any CPU
		{B44F55B2-1D76-4E82-AEC2-AC70BB225665}.Release|x86.ActiveCfg = Release|Any CPU
		{B44F55B2-1D76-4E82-AEC2-AC70BB225665}.Release|x86.Build.0 = Release|Any CPU
		{065D7112-F84A-4864-868E-9B8FC35696CA}.Debug|Any CPU.ActiveCfg = Debug|Any CPU
		{065D7112-F84A-4864-868E-9B8FC35696CA}.Debug|Any CPU.Build.0 = Debug|Any CPU
		{065D7112-F84A-4864-868E-9B8FC35696CA}.Debug|x64.ActiveCfg = Debug|Any CPU
		{065D7112-F84A-4864-868E-9B8FC35696CA}.Debug|x64.Build.0 = Debug|Any CPU
		{065D7112-F84A-4864-868E-9B8FC35696CA}.Debug|x86.ActiveCfg = Debug|Any CPU
		{065D7112-F84A-4864-868E-9B8FC35696CA}.Debug|x86.Build.0 = Debug|Any CPU
		{065D7112-F84A-4864-868E-9B8FC35696CA}.FRDebug|Any CPU.ActiveCfg = FRDebug|Any CPU
		{065D7112-F84A-4864-868E-9B8FC35696CA}.FRDebug|Any CPU.Build.0 = FRDebug|Any CPU
		{065D7112-F84A-4864-868E-9B8FC35696CA}.FRDebug|x64.ActiveCfg = FRDebug|Any CPU
		{065D7112-F84A-4864-868E-9B8FC35696CA}.FRDebug|x64.Build.0 = FRDebug|Any CPU
		{065D7112-F84A-4864-868E-9B8FC35696CA}.FRDebug|x86.ActiveCfg = FRDebug|Any CPU
		{065D7112-F84A-4864-868E-9B8FC35696CA}.FRDebug|x86.Build.0 = FRDebug|Any CPU
		{065D7112-F84A-4864-868E-9B8FC35696CA}.FRRelease|Any CPU.ActiveCfg = FRRelease|Any CPU
		{065D7112-F84A-4864-868E-9B8FC35696CA}.FRRelease|Any CPU.Build.0 = FRRelease|Any CPU
		{065D7112-F84A-4864-868E-9B8FC35696CA}.FRRelease|x64.ActiveCfg = FRRelease|Any CPU
		{065D7112-F84A-4864-868E-9B8FC35696CA}.FRRelease|x64.Build.0 = FRRelease|Any CPU
		{065D7112-F84A-4864-868E-9B8FC35696CA}.FRRelease|x86.ActiveCfg = FRRelease|Any CPU
		{065D7112-F84A-4864-868E-9B8FC35696CA}.FRRelease|x86.Build.0 = FRRelease|Any CPU
		{065D7112-F84A-4864-868E-9B8FC35696CA}.Release|Any CPU.ActiveCfg = Release|Any CPU
		{065D7112-F84A-4864-868E-9B8FC35696CA}.Release|Any CPU.Build.0 = Release|Any CPU
		{065D7112-F84A-4864-868E-9B8FC35696CA}.Release|x64.ActiveCfg = Release|Any CPU
		{065D7112-F84A-4864-868E-9B8FC35696CA}.Release|x64.Build.0 = Release|Any CPU
		{065D7112-F84A-4864-868E-9B8FC35696CA}.Release|x86.ActiveCfg = Release|Any CPU
		{065D7112-F84A-4864-868E-9B8FC35696CA}.Release|x86.Build.0 = Release|Any CPU
		{9BF784C3-464B-4468-881C-2A535F319CB9}.Debug|Any CPU.ActiveCfg = Debug|Any CPU
		{9BF784C3-464B-4468-881C-2A535F319CB9}.Debug|Any CPU.Build.0 = Debug|Any CPU
		{9BF784C3-464B-4468-881C-2A535F319CB9}.Debug|x64.ActiveCfg = Debug|Any CPU
		{9BF784C3-464B-4468-881C-2A535F319CB9}.Debug|x64.Build.0 = Debug|Any CPU
		{9BF784C3-464B-4468-881C-2A535F319CB9}.Debug|x86.ActiveCfg = Debug|Any CPU
		{9BF784C3-464B-4468-881C-2A535F319CB9}.Debug|x86.Build.0 = Debug|Any CPU
		{9BF784C3-464B-4468-881C-2A535F319CB9}.FRDebug|Any CPU.ActiveCfg = FRDebug|Any CPU
		{9BF784C3-464B-4468-881C-2A535F319CB9}.FRDebug|Any CPU.Build.0 = FRDebug|Any CPU
		{9BF784C3-464B-4468-881C-2A535F319CB9}.FRDebug|x64.ActiveCfg = FRDebug|Any CPU
		{9BF784C3-464B-4468-881C-2A535F319CB9}.FRDebug|x64.Build.0 = FRDebug|Any CPU
		{9BF784C3-464B-4468-881C-2A535F319CB9}.FRDebug|x86.ActiveCfg = FRDebug|Any CPU
		{9BF784C3-464B-4468-881C-2A535F319CB9}.FRDebug|x86.Build.0 = FRDebug|Any CPU
		{9BF784C3-464B-4468-881C-2A535F319CB9}.FRRelease|Any CPU.ActiveCfg = FRRelease|Any CPU
		{9BF784C3-464B-4468-881C-2A535F319CB9}.FRRelease|Any CPU.Build.0 = FRRelease|Any CPU
		{9BF784C3-464B-4468-881C-2A535F319CB9}.FRRelease|x64.ActiveCfg = FRRelease|Any CPU
		{9BF784C3-464B-4468-881C-2A535F319CB9}.FRRelease|x64.Build.0 = FRRelease|Any CPU
		{9BF784C3-464B-4468-881C-2A535F319CB9}.FRRelease|x86.ActiveCfg = FRRelease|Any CPU
		{9BF784C3-464B-4468-881C-2A535F319CB9}.FRRelease|x86.Build.0 = FRRelease|Any CPU
		{9BF784C3-464B-4468-881C-2A535F319CB9}.Release|Any CPU.ActiveCfg = Release|Any CPU
		{9BF784C3-464B-4468-881C-2A535F319CB9}.Release|Any CPU.Build.0 = Release|Any CPU
		{9BF784C3-464B-4468-881C-2A535F319CB9}.Release|x64.ActiveCfg = Release|Any CPU
		{9BF784C3-464B-4468-881C-2A535F319CB9}.Release|x64.Build.0 = Release|Any CPU
		{9BF784C3-464B-4468-881C-2A535F319CB9}.Release|x86.ActiveCfg = Release|Any CPU
		{9BF784C3-464B-4468-881C-2A535F319CB9}.Release|x86.Build.0 = Release|Any CPU
		{571EA494-E0B0-4C80-B87E-92157AD179EE}.Debug|Any CPU.ActiveCfg = Debug|Any CPU
		{571EA494-E0B0-4C80-B87E-92157AD179EE}.Debug|Any CPU.Build.0 = Debug|Any CPU
		{571EA494-E0B0-4C80-B87E-92157AD179EE}.Debug|x64.ActiveCfg = Debug|Any CPU
		{571EA494-E0B0-4C80-B87E-92157AD179EE}.Debug|x64.Build.0 = Debug|Any CPU
		{571EA494-E0B0-4C80-B87E-92157AD179EE}.Debug|x86.ActiveCfg = Debug|Any CPU
		{571EA494-E0B0-4C80-B87E-92157AD179EE}.Debug|x86.Build.0 = Debug|Any CPU
		{571EA494-E0B0-4C80-B87E-92157AD179EE}.FRDebug|Any CPU.ActiveCfg = FRDebug|Any CPU
		{571EA494-E0B0-4C80-B87E-92157AD179EE}.FRDebug|Any CPU.Build.0 = FRDebug|Any CPU
		{571EA494-E0B0-4C80-B87E-92157AD179EE}.FRDebug|x64.ActiveCfg = FRDebug|Any CPU
		{571EA494-E0B0-4C80-B87E-92157AD179EE}.FRDebug|x64.Build.0 = FRDebug|Any CPU
		{571EA494-E0B0-4C80-B87E-92157AD179EE}.FRDebug|x86.ActiveCfg = FRDebug|Any CPU
		{571EA494-E0B0-4C80-B87E-92157AD179EE}.FRDebug|x86.Build.0 = FRDebug|Any CPU
		{571EA494-E0B0-4C80-B87E-92157AD179EE}.FRRelease|Any CPU.ActiveCfg = FRRelease|Any CPU
		{571EA494-E0B0-4C80-B87E-92157AD179EE}.FRRelease|Any CPU.Build.0 = FRRelease|Any CPU
		{571EA494-E0B0-4C80-B87E-92157AD179EE}.FRRelease|x64.ActiveCfg = FRRelease|Any CPU
		{571EA494-E0B0-4C80-B87E-92157AD179EE}.FRRelease|x64.Build.0 = FRRelease|Any CPU
		{571EA494-E0B0-4C80-B87E-92157AD179EE}.FRRelease|x86.ActiveCfg = FRRelease|Any CPU
		{571EA494-E0B0-4C80-B87E-92157AD179EE}.FRRelease|x86.Build.0 = FRRelease|Any CPU
		{571EA494-E0B0-4C80-B87E-92157AD179EE}.Release|Any CPU.ActiveCfg = Release|Any CPU
		{571EA494-E0B0-4C80-B87E-92157AD179EE}.Release|Any CPU.Build.0 = Release|Any CPU
		{571EA494-E0B0-4C80-B87E-92157AD179EE}.Release|x64.ActiveCfg = Release|Any CPU
		{571EA494-E0B0-4C80-B87E-92157AD179EE}.Release|x64.Build.0 = Release|Any CPU
		{571EA494-E0B0-4C80-B87E-92157AD179EE}.Release|x86.ActiveCfg = Release|Any CPU
		{571EA494-E0B0-4C80-B87E-92157AD179EE}.Release|x86.Build.0 = Release|Any CPU
		{3C8DE403-7FF8-41CD-955B-8FCC628DD122}.Debug|Any CPU.ActiveCfg = Debug|Any CPU
		{3C8DE403-7FF8-41CD-955B-8FCC628DD122}.Debug|Any CPU.Build.0 = Debug|Any CPU
		{3C8DE403-7FF8-41CD-955B-8FCC628DD122}.Debug|x64.ActiveCfg = Debug|Any CPU
		{3C8DE403-7FF8-41CD-955B-8FCC628DD122}.Debug|x64.Build.0 = Debug|Any CPU
		{3C8DE403-7FF8-41CD-955B-8FCC628DD122}.Debug|x86.ActiveCfg = Debug|Any CPU
		{3C8DE403-7FF8-41CD-955B-8FCC628DD122}.Debug|x86.Build.0 = Debug|Any CPU
		{3C8DE403-7FF8-41CD-955B-8FCC628DD122}.FRDebug|Any CPU.ActiveCfg = Debug|Any CPU
		{3C8DE403-7FF8-41CD-955B-8FCC628DD122}.FRDebug|x64.ActiveCfg = Debug|Any CPU
		{3C8DE403-7FF8-41CD-955B-8FCC628DD122}.FRDebug|x86.ActiveCfg = Debug|Any CPU
		{3C8DE403-7FF8-41CD-955B-8FCC628DD122}.FRRelease|Any CPU.ActiveCfg = Release|Any CPU
		{3C8DE403-7FF8-41CD-955B-8FCC628DD122}.FRRelease|x64.ActiveCfg = Release|Any CPU
		{3C8DE403-7FF8-41CD-955B-8FCC628DD122}.FRRelease|x86.ActiveCfg = Release|Any CPU
		{3C8DE403-7FF8-41CD-955B-8FCC628DD122}.Release|Any CPU.ActiveCfg = Release|Any CPU
		{3C8DE403-7FF8-41CD-955B-8FCC628DD122}.Release|Any CPU.Build.0 = Release|Any CPU
		{3C8DE403-7FF8-41CD-955B-8FCC628DD122}.Release|x64.ActiveCfg = Release|Any CPU
		{3C8DE403-7FF8-41CD-955B-8FCC628DD122}.Release|x64.Build.0 = Release|Any CPU
		{3C8DE403-7FF8-41CD-955B-8FCC628DD122}.Release|x86.ActiveCfg = Release|Any CPU
		{3C8DE403-7FF8-41CD-955B-8FCC628DD122}.Release|x86.Build.0 = Release|Any CPU
		{61D97D17-849F-4D97-84B1-A5B746B4E8FB}.Debug|Any CPU.ActiveCfg = Debug|Any CPU
		{61D97D17-849F-4D97-84B1-A5B746B4E8FB}.Debug|Any CPU.Build.0 = Debug|Any CPU
		{61D97D17-849F-4D97-84B1-A5B746B4E8FB}.Debug|x64.ActiveCfg = Debug|Any CPU
		{61D97D17-849F-4D97-84B1-A5B746B4E8FB}.Debug|x64.Build.0 = Debug|Any CPU
		{61D97D17-849F-4D97-84B1-A5B746B4E8FB}.Debug|x86.ActiveCfg = Debug|Any CPU
		{61D97D17-849F-4D97-84B1-A5B746B4E8FB}.Debug|x86.Build.0 = Debug|Any CPU
		{61D97D17-849F-4D97-84B1-A5B746B4E8FB}.FRDebug|Any CPU.ActiveCfg = FRDebug|Any CPU
		{61D97D17-849F-4D97-84B1-A5B746B4E8FB}.FRDebug|Any CPU.Build.0 = FRDebug|Any CPU
		{61D97D17-849F-4D97-84B1-A5B746B4E8FB}.FRDebug|x64.ActiveCfg = FRDebug|Any CPU
		{61D97D17-849F-4D97-84B1-A5B746B4E8FB}.FRDebug|x64.Build.0 = FRDebug|Any CPU
		{61D97D17-849F-4D97-84B1-A5B746B4E8FB}.FRDebug|x86.ActiveCfg = FRDebug|Any CPU
		{61D97D17-849F-4D97-84B1-A5B746B4E8FB}.FRDebug|x86.Build.0 = FRDebug|Any CPU
		{61D97D17-849F-4D97-84B1-A5B746B4E8FB}.FRRelease|Any CPU.ActiveCfg = FRRelease|Any CPU
		{61D97D17-849F-4D97-84B1-A5B746B4E8FB}.FRRelease|Any CPU.Build.0 = FRRelease|Any CPU
		{61D97D17-849F-4D97-84B1-A5B746B4E8FB}.FRRelease|x64.ActiveCfg = FRRelease|Any CPU
		{61D97D17-849F-4D97-84B1-A5B746B4E8FB}.FRRelease|x64.Build.0 = FRRelease|Any CPU
		{61D97D17-849F-4D97-84B1-A5B746B4E8FB}.FRRelease|x86.ActiveCfg = FRRelease|Any CPU
		{61D97D17-849F-4D97-84B1-A5B746B4E8FB}.FRRelease|x86.Build.0 = FRRelease|Any CPU
		{61D97D17-849F-4D97-84B1-A5B746B4E8FB}.Release|Any CPU.ActiveCfg = Release|Any CPU
		{61D97D17-849F-4D97-84B1-A5B746B4E8FB}.Release|Any CPU.Build.0 = Release|Any CPU
		{61D97D17-849F-4D97-84B1-A5B746B4E8FB}.Release|x64.ActiveCfg = Release|Any CPU
		{61D97D17-849F-4D97-84B1-A5B746B4E8FB}.Release|x64.Build.0 = Release|Any CPU
		{61D97D17-849F-4D97-84B1-A5B746B4E8FB}.Release|x86.ActiveCfg = Release|Any CPU
		{61D97D17-849F-4D97-84B1-A5B746B4E8FB}.Release|x86.Build.0 = Release|Any CPU
	EndGlobalSection
	GlobalSection(SolutionProperties) = preSolution
		HideSolutionNode = FALSE
	EndGlobalSection
	GlobalSection(ExtensibilityGlobals) = postSolution
		SolutionGuid = {EEDF9A25-272B-444D-B12F-40A977E5CB39}
	EndGlobalSection
EndGlobal
