
Microsoft Visual Studio Solution File, Format Version 12.00
# Visual Studio Version 17
VisualStudioVersion = 17.3.32819.101
MinimumVisualStudioVersion = 10.0.40219.1
Project("{FAE04EC0-301F-11D3-BF4B-00C04F79EFBC}") = "FMSMonitoringUI", "FMSMonitoringUI\FMSMonitoringUI.csproj", "{0AEB0C1C-4AF9-4238-9B6B-633ADC6A979B}"
	ProjectSection(ProjectDependencies) = postProject
		{065D7112-F84A-4864-868E-9B8FC35696CA} = {065D7112-F84A-4864-868E-9B8FC35696CA}
		{571EA494-E0B0-4C80-B87E-92157AD179EE} = {571EA494-E0B0-4C80-B87E-92157AD179EE}
		{9BF784C3-464B-4468-881C-2A535F319CB9} = {9BF784C3-464B-4468-881C-2A535F319CB9}
		{B44F55B2-1D76-4E82-AEC2-AC70BB225665} = {B44F55B2-1D76-4E82-AEC2-AC70BB225665}
		{E6738FB0-8152-49A5-AC7C-DB4C061CBE50} = {E6738FB0-8152-49A5-AC7C-DB4C061CBE50}
	EndProjectSection
EndProject
Project("{FAE04EC0-301F-11D3-BF4B-00C04F79EFBC}") = "AgingControls", "AgingControls\AgingControls.csproj", "{B44F55B2-1D76-4E82-AEC2-AC70BB225665}"
EndProject
Project("{FAE04EC0-301F-11D3-BF4B-00C04F79EFBC}") = "RunningEnv", "RunningEnv\RunningEnv.csproj", "{E6738FB0-8152-49A5-AC7C-DB4C061CBE50}"
EndProject
Project("{FAE04EC0-301F-11D3-BF4B-00C04F79EFBC}") = "OPCUAClientClassLib", "OPCUAClientClassLib\OPCUAClientClassLib.csproj", "{065D7112-F84A-4864-868E-9B8FC35696CA}"
EndProject
Project("{FAE04EC0-301F-11D3-BF4B-00C04F79EFBC}") = "CSVMgr", "CSVMgr\CSVMgr.csproj", "{9BF784C3-464B-4468-881C-2A535F319CB9}"
EndProject
Project("{FAE04EC0-301F-11D3-BF4B-00C04F79EFBC}") = "Logger", "Logger\Logger.csproj", "{571EA494-E0B0-4C80-B87E-92157AD179EE}"
EndProject
Global
	GlobalSection(SolutionConfigurationPlatforms) = preSolution
		Debug|Any CPU = Debug|Any CPU
		Release|Any CPU = Release|Any CPU
	EndGlobalSection
	GlobalSection(ProjectConfigurationPlatforms) = postSolution
		{0AEB0C1C-4AF9-4238-9B6B-633ADC6A979B}.Debug|Any CPU.ActiveCfg = Debug|Any CPU
		{0AEB0C1C-4AF9-4238-9B6B-633ADC6A979B}.Debug|Any CPU.Build.0 = Debug|Any CPU
		{0AEB0C1C-4AF9-4238-9B6B-633ADC6A979B}.Release|Any CPU.ActiveCfg = Release|Any CPU
		{0AEB0C1C-4AF9-4238-9B6B-633ADC6A979B}.Release|Any CPU.Build.0 = Release|Any CPU
		{B44F55B2-1D76-4E82-AEC2-AC70BB225665}.Debug|Any CPU.ActiveCfg = Debug|Any CPU
		{B44F55B2-1D76-4E82-AEC2-AC70BB225665}.Debug|Any CPU.Build.0 = Debug|Any CPU
		{B44F55B2-1D76-4E82-AEC2-AC70BB225665}.Release|Any CPU.ActiveCfg = Release|Any CPU
		{B44F55B2-1D76-4E82-AEC2-AC70BB225665}.Release|Any CPU.Build.0 = Release|Any CPU
		{E6738FB0-8152-49A5-AC7C-DB4C061CBE50}.Debug|Any CPU.ActiveCfg = Debug|Any CPU
		{E6738FB0-8152-49A5-AC7C-DB4C061CBE50}.Debug|Any CPU.Build.0 = Debug|Any CPU
		{E6738FB0-8152-49A5-AC7C-DB4C061CBE50}.Release|Any CPU.ActiveCfg = Release|Any CPU
		{E6738FB0-8152-49A5-AC7C-DB4C061CBE50}.Release|Any CPU.Build.0 = Release|Any CPU
		{065D7112-F84A-4864-868E-9B8FC35696CA}.Debug|Any CPU.ActiveCfg = Debug|Any CPU
		{065D7112-F84A-4864-868E-9B8FC35696CA}.Debug|Any CPU.Build.0 = Debug|Any CPU
		{065D7112-F84A-4864-868E-9B8FC35696CA}.Release|Any CPU.ActiveCfg = Release|Any CPU
		{065D7112-F84A-4864-868E-9B8FC35696CA}.Release|Any CPU.Build.0 = Release|Any CPU
		{9BF784C3-464B-4468-881C-2A535F319CB9}.Debug|Any CPU.ActiveCfg = Debug|Any CPU
		{9BF784C3-464B-4468-881C-2A535F319CB9}.Debug|Any CPU.Build.0 = Debug|Any CPU
		{9BF784C3-464B-4468-881C-2A535F319CB9}.Release|Any CPU.ActiveCfg = Release|Any CPU
		{9BF784C3-464B-4468-881C-2A535F319CB9}.Release|Any CPU.Build.0 = Release|Any CPU
		{571EA494-E0B0-4C80-B87E-92157AD179EE}.Debug|Any CPU.ActiveCfg = Debug|Any CPU
		{571EA494-E0B0-4C80-B87E-92157AD179EE}.Debug|Any CPU.Build.0 = Debug|Any CPU
		{571EA494-E0B0-4C80-B87E-92157AD179EE}.Release|Any CPU.ActiveCfg = Release|Any CPU
		{571EA494-E0B0-4C80-B87E-92157AD179EE}.Release|Any CPU.Build.0 = Release|Any CPU
	EndGlobalSection
	GlobalSection(SolutionProperties) = preSolution
		HideSolutionNode = FALSE
	EndGlobalSection
	GlobalSection(ExtensibilityGlobals) = postSolution
		SolutionGuid = {EEDF9A25-272B-444D-B12F-40A977E5CB39}
	EndGlobalSection
EndGlobal
